<?xml version="1.0" encoding="utf-8"?>
<Project ToolsVersion="16.0" xmlns="http://schemas.microsoft.com/developer/msbuild/2003">
  <ItemGroup>
    <CustomBuild Include="C:\Program Files\BattleCity\build2\CMakeFiles\7e10f69758829efeb3d920aaa2ea360b\INSTALL_force.rule">
      <Filter>CMake Rules</Filter>
    </CustomBuild>
  </ItemGroup>
  <ItemGroup>
    <Filter Include="CMake Rules">
      <UniqueIdentifier>{D8AAB82F-3953-34D6-A672-F7C5BBDC6BDB}</UniqueIdentifier>
    </Filter>
  </ItemGroup>
</Project>
